
Microsoft Visual Studio Solution File, Format Version 12.00
# Visual Studio Version 16
VisualStudioVersion = 16.0.29920.165
MinimumVisualStudioVersion = 10.0.40219.1
Project("{FAE04EC0-301F-11D3-BF4B-00C04F79EFBC}") = "T03_C_BASICS", "T03_C_BASICS.csproj", "{28F89AAA-10C6-4FA8-A8EC-CB9F924F0BB7}"
EndProject
Global
	GlobalSection(SolutionConfigurationPlatforms) = preSolution
		Debug|Any CPU = Debug|Any CPU
		Release|Any CPU = Release|Any CPU
	EndGlobalSection
	GlobalSection(ProjectConfigurationPlatforms) = postSolution
		{28F89AAA-10C6-4FA8-A8EC-CB9F924F0BB7}.Debug|Any CPU.ActiveCfg = Debug|Any CPU
		{28F89AAA-10C6-4FA8-A8EC-CB9F924F0BB7}.Debug|Any CPU.Build.0 = Debug|Any CPU
		{28F89AAA-10C6-4FA8-A8EC-CB9F924F0BB7}.Release|Any CPU.ActiveCfg = Release|Any CPU
		{28F89AAA-10C6-4FA8-A8EC-CB9F924F0BB7}.Release|Any CPU.Build.0 = Release|Any CPU
	EndGlobalSection
	GlobalSection(SolutionProperties) = preSolution
		HideSolutionNode = FALSE
	EndGlobalSection
	GlobalSection(ExtensibilityGlobals) = postSolution
		SolutionGuid = {AFC9CEEA-979E-4860-90B8-9B1E4CC69580}
	EndGlobalSection
EndGlobal
